PODS:
  - CYBaseOC (0.1.9):
    - JSONModel
  - JSONModel (1.8.0)

DEPENDENCIES:
  - CYBaseOC (from `../`)

SPEC REPOS:
  trunk:
    - JSONModel

EXTERNAL SOURCES:
  CYBaseOC:
    :path: "../"

SPEC CHECKSUMS:
  CYBaseOC: c1e758ddb6c250083d9ff0282dc879e8e5cc6f08
  JSONModel: 02ab723958366a3fd27da57ea2af2113658762e9

PODFILE CHECKSUM: c7af71bb692a794df9f69f22b044a46161226dec

COCOAPODS: 1.8.3
